// !$*UTF8*$!
{
	archiveVersion = 1;
	classes = {
	};
	objectVersion = 50;
	objects = {

/* Begin PBXBuildFile section */
		19C080F4216D150B006C3506 /* AppDelegate.swift in Sources */ = {isa = PBXBuildFile; fileRef = 19C080F3216D150B006C3506 /* AppDelegate.swift */; };
		19C080F6216D150B006C3506 /* CameraVC.swift in Sources */ = {isa = PBXBuildFile; fileRef = 19C080F5216D150B006C3506 /* CameraVC.swift */; };
		19C080F9216D150B006C3506 /* Main.storyboard in Resources */ = {isa = PBXBuildFile; fileRef = 19C080F7216D150B006C3506 /* Main.storyboard */; };
		19C080FB216D150C006C3506 /* Assets.xcassets in Resources */ = {isa = PBXBuildFile; fileRef = 19C080FA216D150C006C3506 /* Assets.xcassets */; };
		19C080FE216D150C006C3506 /* LaunchScreen.storyboard in Resources */ = {isa = PBXBuildFile; fileRef = 19C080FC216D150C006C3506 /* LaunchScreen.storyboard */; };
		19C08109216D1E5A006C3506 /* RoundedShadowView.swift in Sources */ = {isa = PBXBuildFile; fileRef = 19C08108216D1E5A006C3506 /* RoundedShadowView.swift */; };
		19C0810B216D20D5006C3506 /* RoundedShadowButton.swift in Sources */ = {isa = PBXBuildFile; fileRef = 19C0810A216D20D5006C3506 /* RoundedShadowButton.swift */; };
		19C0810D216D2155006C3506 /* RoundedShadowImageView.swift in Sources */ = {isa = PBXBuildFile; fileRef = 19C0810C216D2155006C3506 /* RoundedShadowImageView.swift */; };
		19C0810F216D36E1006C3506 /* SqueezeNet.mlmodel in Sources */ = {isa = PBXBuildFile; fileRef = 19C0810E216D36E1006C3506 /* SqueezeNet.mlmodel */; };
/* End PBXBuildFile section */

/* Begin PBXFileReference section */
		19C080F0216D150B006C3506 /* vision-app-dev.app */ = {isa = PBXFileReference; explicitFileType = wrapper.application; includeInIndex = 0; path = "vision-app-dev.app"; sourceTree = BUILT_PRODUCTS_DIR; };
		19C080F3216D150B006C3506 /* AppDelegate.swift */ = {isa = PBXFileReference; lastKnownFileType = sourcecode.swift; path = AppDelegate.swift; sourceTree = "<group>"; };
		19C080F5216D150B006C3506 /* CameraVC.swift */ = {isa = PBXFileReference; lastKnownFileType = sourcecode.swift; path = CameraVC.swift; sourceTree = "<group>"; };
		19C080F8216D150B006C3506 /* Base */ = {isa = PBXFileReference; lastKnownFileType = file.storyboard; name = Base; path = Base.lproj/Main.storyboard; sourceTree = "<group>"; };
		19C080FA216D150C006C3506 /* Assets.xcassets */ = {isa = PBXFileReference; lastKnownFileType = folder.assetcatalog; path = Assets.xcassets; sourceTree = "<group>"; };
		19C080FD216D150C006C3506 /* Base */ = {isa = PBXFileReference; lastKnownFileType = file.storyboard; name = Base; path = Base.lproj/LaunchScreen.storyboard; sourceTree = "<group>"; };
		19C080FF216D150C006C3506 /* Info.plist */ = {isa = PBXFileReference; lastKnownFileType = text.plist.xml; path = Info.plist; sourceTree = "<group>"; };
		19C08108216D1E5A006C3506 /* RoundedShadowView.swift */ = {isa = PBXFileReference; lastKnownFileType = sourcecode.swift; path = RoundedShadowView.swift; sourceTree = "<group>"; };
		19C0810A216D20D5006C3506 /* RoundedShadowButton.swift */ = {isa = PBXFileReference; lastKnownFileType = sourcecode.swift; path = RoundedShadowButton.swift; sourceTree = "<group>"; };
		19C0810C216D2155006C3506 /* RoundedShadowImageView.swift */ = {isa = PBXFileReference; lastKnownFileType = sourcecode.swift; path = RoundedShadowImageView.swift; sourceTree = "<group>"; };
		19C0810E216D36E1006C3506 /* SqueezeNet.mlmodel */ = {isa = PBXFileReference; lastKnownFileType = file.mlmodel; path = SqueezeNet.mlmodel; sourceTree = "<group>"; };
/* End PBXFileReference section */

/* Begin PBXFrameworksBuildPhase section */
		19C080ED216D150B006C3506 /* Frameworks */ = {
			isa = PBXFrameworksBuildPhase;
			buildActionMask = 2147483647;
			files = (
			);
			runOnlyForDeploymentPostprocessing = 0;
		};
/* End PBXFrameworksBuildPhase section */

/* Begin PBXGroup section */
		19C080E7216D150A006C3506 = {
			isa = PBXGroup;
			children = (
				19C080F2216D150B006C3506 /* vision-app-dev */,
				19C080F1216D150B006C3506 /* Products */,
			);
			sourceTree = "<group>";
		};
		19C080F1216D150B006C3506 /* Products */ = {
			isa = PBXGroup;
			children = (
				19C080F0216D150B006C3506 /* vision-app-dev.app */,
			);
			name = Products;
			sourceTree = "<group>";
		};
		19C080F2216D150B006C3506 /* vision-app-dev */ = {
			isa = PBXGroup;
			children = (
				19C0810E216D36E1006C3506 /* SqueezeNet.mlmodel */,
				19C08107216D1633006C3506 /* Resources */,
				19C08106216D15EE006C3506 /* View */,
				19C08105216D15E3006C3506 /* Controller */,
				19C080F3216D150B006C3506 /* AppDelegate.swift */,
				19C080F7216D150B006C3506 /* Main.storyboard */,
				19C080FA216D150C006C3506 /* Assets.xcassets */,
				19C080FC216D150C006C3506 /* LaunchScreen.storyboard */,
				19C080FF216D150C006C3506 /* Info.plist */,
			);
			path = "vision-app-dev";
			sourceTree = "<group>";
		};
		19C08105216D15E3006C3506 /* Controller */ = {
			isa = PBXGroup;
			children = (
				19C080F5216D150B006C3506 /* CameraVC.swift */,
			);
			path = Controller;
			sourceTree = "<group>";
		};
		19C08106216D15EE006C3506 /* View */ = {
			isa = PBXGroup;
			children = (
				19C08108216D1E5A006C3506 /* RoundedShadowView.swift */,
				19C0810A216D20D5006C3506 /* RoundedShadowButton.swift */,
				19C0810C216D2155006C3506 /* RoundedShadowImageView.swift */,
			);
			path = View;
			sourceTree = "<group>";
		};
		19C08107216D1633006C3506 /* Resources */ = {
			isa = PBXGroup;
			children = (
			);
			path = Resources;
			sourceTree = "<group>";
		};
/* End PBXGroup section */

/* Begin PBXNativeTarget section */
		19C080EF216D150B006C3506 /* vision-app-dev */ = {
			isa = PBXNativeTarget;
			buildConfigurationList = 19C08102216D150C006C3506 /* Build configuration list for PBXNativeTarget "vision-app-dev" */;
			buildPhases = (
				19C080EC216D150B006C3506 /* Sources */,
				19C080ED216D150B006C3506 /* Frameworks */,
				19C080EE216D150B006C3506 /* Resources */,
			);
			buildRules = (
			);
			dependencies = (
			);
			name = "vision-app-dev";
			productName = "vision-app-dev";
			productReference = 19C080F0216D150B006C3506 /* vision-app-dev.app */;
			productType = "com.apple.product-type.application";
		};
/* End PBXNativeTarget section */

/* Begin PBXProject section */
		19C080E8216D150B006C3506 /* Project object */ = {
			isa = PBXProject;
			attributes = {
				LastSwiftUpdateCheck = 0940;
				LastUpgradeCheck = 0940;
				ORGANIZATIONNAME = "김영석";
				TargetAttributes = {
					19C080EF216D150B006C3506 = {
						CreatedOnToolsVersion = 9.4.1;
					};
				};
			};
			buildConfigurationList = 19C080EB216D150B006C3506 /* Build configuration list for PBXProject "vision-app-dev" */;
			compatibilityVersion = "Xcode 9.3";
			developmentRegion = en;
			hasScannedForEncodings = 0;
			knownRegions = (
				en,
				Base,
			);
			mainGroup = 19C080E7216D150A006C3506;
			productRefGroup = 19C080F1216D150B006C3506 /* Products */;
			projectDirPath = "";
			projectRoot = "";
			targets = (
				19C080EF216D150B006C3506 /* vision-app-dev */,
			);
		};
/* End PBXProject section */

/* Begin PBXResourcesBuildPhase section */
		19C080EE216D150B006C3506 /* Resources */ = {
			isa = PBXResourcesBuildPhase;
			buildActionMask = 2147483647;
			files = (
				19C080FE216D150C006C3506 /* LaunchScreen.storyboard in Resources */,
				19C080FB216D150C006C3506 /* Assets.xcassets in Resources */,
				19C080F9216D150B006C3506 /* Main.storyboard in Resources */,
			);
			runOnlyForDeploymentPostprocessing = 0;
		};
/* End PBXResourcesBuildPhase section */

/* Begin PBXSourcesBuildPhase section */
		19C080EC216D150B006C3506 /* Sources */ = {
			isa = PBXSourcesBuildPhase;
			buildActionMask = 2147483647;
			files = (
				19C080F6216D150B006C3506 /* CameraVC.swift in Sources */,
				19C0810F216D36E1006C3506 /* SqueezeNet.mlmodel in Sources */,
				19C080F4216D150B006C3506 /* AppDelegate.swift in Sources */,
				19C08109216D1E5A006C3506 /* RoundedShadowView.swift in Sources */,
				19C0810B216D20D5006C3506 /* RoundedShadowButton.swift in Sources */,
				19C0810D216D2155006C3506 /* RoundedShadowImageView.swift in Sources */,
			);
			runOnlyForDeploymentPostprocessing = 0;
		};
/* End PBXSourcesBuildPhase section */

/* Begin PBXVariantGroup section */
		19C080F7216D150B006C3506 /* Main.storyboard */ = {
			isa = PBXVariantGroup;
			children = (
				19C080F8216D150B006C3506 /* Base */,
			);
			name = Main.storyboard;
			sourceTree = "<group>";
		};
		19C080FC216D150C006C3506 /* LaunchScreen.storyboard */ = {
			isa = PBXVariantGroup;
			children = (
				19C080FD216D150C006C3506 /* Base */,
			);
			name = LaunchScreen.storyboard;
			sourceTree = "<group>";
		};
/* End PBXVariantGroup section */

/* Begin XCBuildConfiguration section */
		19C08100216D150C006C3506 /* Debug */ = {
			isa = XCBuildConfiguration;
			buildSettings = {
				ALWAYS_SEARCH_USER_PATHS = NO;
				CLANG_ANALYZER_NONNULL = YES;
				CLANG_ANALYZER_NUMBER_OBJECT_CONVERSION = YES_AGGRESSIVE;
				CLANG_CXX_LANGUAGE_STANDARD = "gnu++14";
				CLANG_CXX_LIBRARY = "libc++";
				CLANG_ENABLE_MODULES = YES;
				CLANG_ENABLE_OBJC_ARC = YES;
				CLANG_ENABLE_OBJC_WEAK = YES;
				CLANG_WARN_BLOCK_CAPTURE_AUTORELEASING = YES;
				CLANG_WARN_BOOL_CONVERSION = YES;
				CLANG_WARN_COMMA = YES;
				CLANG_WARN_CONSTANT_CONVERSION = YES;
				CLANG_WARN_DEPRECATED_OBJC_IMPLEMENTATIONS = YES;
				CLANG_WARN_DIRECT_OBJC_ISA_USAGE = YES_ERROR;
				CLANG_WARN_DOCUMENTATION_COMMENTS = YES;
				CLANG_WARN_EMPTY_BODY = YES;
				CLANG_WARN_ENUM_CONVERSION = YES;
				CLANG_WARN_INFINITE_RECURSION = YES;
				CLANG_WARN_INT_CONVERSION = YES;
				CLANG_WARN_NON_LITERAL_NULL_CONVERSION = YES;
				CLANG_WARN_OBJC_IMPLICIT_RETAIN_SELF = YES;
				CLANG_WARN_OBJC_LITERAL_CONVERSION = YES;
				CLANG_WARN_OBJC_ROOT_CLASS = YES_ERROR;
				CLANG_WARN_RANGE_LOOP_ANALYSIS = YES;
				CLANG_WARN_STRICT_PROTOTYPES = YES;
				CLANG_WARN_SUSPICIOUS_MOVE = YES;
				CLANG_WARN_UNGUARDED_AVAILABILITY = YES_AGGRESSIVE;
				CLANG_WARN_UNREACHABLE_CODE = YES;
				CLANG_WARN__DUPLICATE_METHOD_MATCH = YES;
				CODE_SIGN_IDENTITY = "iPhone Developer";
				COPY_PHASE_STRIP = NO;
				DEBUG_INFORMATION_FORMAT = dwarf;
				ENABLE_STRICT_OBJC_MSGSEND = YES;
				ENABLE_TESTABILITY = YES;
				GCC_C_LANGUAGE_STANDARD = gnu11;
				GCC_DYNAMIC_NO_PIC = NO;
				GCC_NO_COMMON_BLOCKS = YES;
				GCC_OPTIMIZATION_LEVEL = 0;
				GCC_PREPROCESSOR_DEFINITIONS = (
					"DEBUG=1",
					"$(inherited)",
				);
				GCC_WARN_64_TO_32_BIT_CONVERSION = YES;
				GCC_WARN_ABOUT_RETURN_TYPE = YES_ERROR;
				GCC_WARN_UNDECLARED_SELECTOR = YES;
				GCC_WARN_UNINITIALIZED_AUTOS = YES_AGGRESSIVE;
				GCC_WARN_UNUSED_FUNCTION = YES;
				GCC_WARN_UNUSED_VARIABLE = YES;
				IPHONEOS_DEPLOYMENT_TARGET = 11.4;
				MTL_ENABLE_DEBUG_INFO = YES;
				ONLY_ACTIVE_ARCH = YES;
				SDKROOT = iphoneos;
				SWIFT_ACTIVE_COMPILATION_CONDITIONS = DEBUG;
				SWIFT_OPTIMIZATION_LEVEL = "-Onone";
			};
			name = Debug;
		};
		19C08101216D150C006C3506 /* Release */ = {
			isa = XCBuildConfiguration;
			buildSettings = {
				ALWAYS_SEARCH_USER_PATHS = NO;
				CLANG_ANALYZER_NONNULL = YES;
				CLANG_ANALYZER_NUMBER_OBJECT_CONVERSION = YES_AGGRESSIVE;
				CLANG_CXX_LANGUAGE_STANDARD = "gnu++14";
				CLANG_CXX_LIBRARY = "libc++";
				CLANG_ENABLE_MODULES = YES;
				CLANG_ENABLE_OBJC_ARC = YES;
				CLANG_ENABLE_OBJC_WEAK = YES;
				CLANG_WARN_BLOCK_CAPTURE_AUTORELEASING = YES;
				CLANG_WARN_BOOL_CONVERSION = YES;
				CLANG_WARN_COMMA = YES;
				CLANG_WARN_CONSTANT_CONVERSION = YES;
				CLANG_WARN_DEPRECATED_OBJC_IMPLEMENTATIONS = YES;
				CLANG_WARN_DIRECT_OBJC_ISA_USAGE = YES_ERROR;
				CLANG_WARN_DOCUMENTATION_COMMENTS = YES;
				CLANG_WARN_EMPTY_BODY = YES;
				CLANG_WARN_ENUM_CONVERSION = YES;
				CLANG_WARN_INFINITE_RECURSION = YES;
				CLANG_WARN_INT_CONVERSION = YES;
				CLANG_WARN_NON_LITERAL_NULL_CONVERSION = YES;
				CLANG_WARN_OBJC_IMPLICIT_RETAIN_SELF = YES;
				CLANG_WARN_OBJC_LITERAL_CONVERSION = YES;
				CLANG_WARN_OBJC_ROOT_CLASS = YES_ERROR;
				CLANG_WARN_RANGE_LOOP_ANALYSIS = YES;
				CLANG_WARN_STRICT_PROTOTYPES = YES;
				CLANG_WARN_SUSPICIOUS_MOVE = YES;
				CLANG_WARN_UNGUARDED_AVAILABILITY = YES_AGGRESSIVE;
				CLANG_WARN_UNREACHABLE_CODE = YES;
				CLANG_WARN__DUPLICATE_METHOD_MATCH = YES;
				CODE_SIGN_IDENTITY = "iPhone Developer";
				COPY_PHASE_STRIP = NO;
				DEBUG_INFORMATION_FORMAT = "dwarf-with-dsym";
				ENABLE_NS_ASSERTIONS = NO;
				ENABLE_STRICT_OBJC_MSGSEND = YES;
				GCC_C_LANGUAGE_STANDARD = gnu11;
				GCC_NO_COMMON_BLOCKS = YES;
				GCC_WARN_64_TO_32_BIT_CONVERSION = YES;
				GCC_WARN_ABOUT_RETURN_TYPE = YES_ERROR;
				GCC_WARN_UNDECLARED_SELECTOR = YES;
				GCC_WARN_UNINITIALIZED_AUTOS = YES_AGGRESSIVE;
				GCC_WARN_UNUSED_FUNCTION = YES;
				GCC_WARN_UNUSED_VARIABLE = YES;
				IPHONEOS_DEPLOYMENT_TARGET = 11.4;
				MTL_ENABLE_DEBUG_INFO = NO;
				SDKROOT = iphoneos;
				SWIFT_COMPILATION_MODE = wholemodule;
				SWIFT_OPTIMIZATION_LEVEL = "-O";
				VALIDATE_PRODUCT = YES;
			};
			name = Release;
		};
		19C08103216D150C006C3506 /* Debug */ = {
			isa = XCBuildConfiguration;
			buildSettings = {
				ASSETCATALOG_COMPILER_APPICON_NAME = AppIcon;
				CODE_SIGN_STYLE = Automatic;
				DEVELOPMENT_TEAM = Y4NG3TTR62;
				INFOPLIST_FILE = "vision-app-dev/Info.plist";
				LD_RUNPATH_SEARCH_PATHS = (
					"$(inherited)",
					"@executable_path/Frameworks",
				);
				PRODUCT_BUNDLE_IDENTIFIER = "com.shinerdes.vision-app-dev";
				PRODUCT_NAME = "$(TARGET_NAME)";
				SWIFT_VERSION = 4.0;
				TARGETED_DEVICE_FAMILY = "1,2";
			};
			name = Debug;
		};
		19C08104216D150C006C3506 /* Release */ = {
			isa = XCBuildConfiguration;
			buildSettings = {
				ASSETCATALOG_COMPILER_APPICON_NAME = AppIcon;
				CODE_SIGN_STYLE = Automatic;
				DEVELOPMENT_TEAM = Y4NG3TTR62;
				INFOPLIST_FILE = "vision-app-dev/Info.plist";
				LD_RUNPATH_SEARCH_PATHS = (
					"$(inherited)",
					"@executable_path/Frameworks",
				);
				PRODUCT_BUNDLE_IDENTIFIER = "com.shinerdes.vision-app-dev";
				PRODUCT_NAME = "$(TARGET_NAME)";
				SWIFT_VERSION = 4.0;
				TARGETED_DEVICE_FAMILY = "1,2";
			};
			name = Release;
		};
/* End XCBuildConfiguration section */

/* Begin XCConfigurationList section */
		19C080EB216D150B006C3506 /* Build configuration list for PBXProject "vision-app-dev" */ = {
			isa = XCConfigurationList;
			buildConfigurations = (
				19C08100216D150C006C3506 /* Debug */,
				19C08101216D150C006C3506 /* Release */,
			);
			defaultConfigurationIsVisible = 0;
			defaultConfigurationName = Release;
		};
		19C08102216D150C006C3506 /* Build configuration list for PBXNativeTarget "vision-app-dev" */ = {
			isa = XCConfigurationList;
			buildConfigurations = (
				19C08103216D150C006C3506 /* Debug */,
				19C08104216D150C006C3506 /* Release */,
			);
			defaultConfigurationIsVisible = 0;
			defaultConfigurationName = Release;
		};
/* End XCConfigurationList section */
	};
	rootObject = 19C080E8216D150B006C3506 /* Project object */;
}
